// !$*UTF8*$!
{
	archiveVersion = 1;
	classes = {
	};
	objectVersion = 50;
	objects = {

/* Begin PBXBuildFile section */
		AA3F785A26CB3714009DE61A /* main.cpp in Sources */ = {isa = PBXBuildFile; fileRef = AA3F785926CB3714009DE61A /* main.cpp */; };
		AA3F786626CB37BF009DE61A /* nodoEstudiante.cpp in Sources */ = {isa = PBXBuildFile; fileRef = AA3F786426CB37BF009DE61A /* nodoEstudiante.cpp */; };
		AA3F786926CB3847009DE61A /* listaEstudiantes.cpp in Sources */ = {isa = PBXBuildFile; fileRef = AA3F786726CB3847009DE61A /* listaEstudiantes.cpp */; };
		AA3F786C26CB769C009DE61A /* nodoError.cpp in Sources */ = {isa = PBXBuildFile; fileRef = AA3F786A26CB769C009DE61A /* nodoError.cpp */; };
		AA3F786F26CB8402009DE61A /* colaErrores.cpp in Sources */ = {isa = PBXBuildFile; fileRef = AA3F786D26CB8402009DE61A /* colaErrores.cpp */; };
		AA86E51926CD69D70011438A /* nodoTarea.cpp in Sources */ = {isa = PBXBuildFile; fileRef = AA86E51726CD69D70011438A /* nodoTarea.cpp */; };
		AA86E51C26CD81100011438A /* listaTareas.cpp in Sources */ = {isa = PBXBuildFile; fileRef = AA86E51A26CD81100011438A /* listaTareas.cpp */; };
		AA86E51F26CF7BC30011438A /* nodoMatriz.cpp in Sources */ = {isa = PBXBuildFile; fileRef = AA86E51D26CF7BC30011438A /* nodoMatriz.cpp */; };
/* End PBXBuildFile section */

/* Begin PBXCopyFilesBuildPhase section */
		AA3F785426CB3714009DE61A /* CopyFiles */ = {
			isa = PBXCopyFilesBuildPhase;
			buildActionMask = 2147483647;
			dstPath = /usr/share/man/man1/;
			dstSubfolderSpec = 0;
			files = (
			);
			runOnlyForDeploymentPostprocessing = 1;
		};
/* End PBXCopyFilesBuildPhase section */

/* Begin PBXFileReference section */
		AA3F785626CB3714009DE61A /* Practica1PruebasXCODE */ = {isa = PBXFileReference; explicitFileType = "compiled.mach-o.executable"; includeInIndex = 0; path = Practica1PruebasXCODE; sourceTree = BUILT_PRODUCTS_DIR; };
		AA3F785926CB3714009DE61A /* main.cpp */ = {isa = PBXFileReference; lastKnownFileType = sourcecode.cpp.cpp; path = main.cpp; sourceTree = "<group>"; };
		AA3F786426CB37BF009DE61A /* nodoEstudiante.cpp */ = {isa = PBXFileReference; lastKnownFileType = sourcecode.cpp.cpp; path = nodoEstudiante.cpp; sourceTree = "<group>"; };
		AA3F786526CB37BF009DE61A /* nodoEstudiante.hpp */ = {isa = PBXFileReference; lastKnownFileType = sourcecode.cpp.h; path = nodoEstudiante.hpp; sourceTree = "<group>"; };
		AA3F786726CB3847009DE61A /* listaEstudiantes.cpp */ = {isa = PBXFileReference; lastKnownFileType = sourcecode.cpp.cpp; path = listaEstudiantes.cpp; sourceTree = "<group>"; };
		AA3F786826CB3847009DE61A /* listaEstudiantes.hpp */ = {isa = PBXFileReference; lastKnownFileType = sourcecode.cpp.h; path = listaEstudiantes.hpp; sourceTree = "<group>"; };
		AA3F786A26CB769C009DE61A /* nodoError.cpp */ = {isa = PBXFileReference; lastKnownFileType = sourcecode.cpp.cpp; path = nodoError.cpp; sourceTree = "<group>"; };
		AA3F786B26CB769C009DE61A /* nodoError.hpp */ = {isa = PBXFileReference; lastKnownFileType = sourcecode.cpp.h; path = nodoError.hpp; sourceTree = "<group>"; };
		AA3F786D26CB8402009DE61A /* colaErrores.cpp */ = {isa = PBXFileReference; lastKnownFileType = sourcecode.cpp.cpp; path = colaErrores.cpp; sourceTree = "<group>"; };
		AA3F786E26CB8402009DE61A /* colaErrores.hpp */ = {isa = PBXFileReference; lastKnownFileType = sourcecode.cpp.h; path = colaErrores.hpp; sourceTree = "<group>"; };
		AA86E51726CD69D70011438A /* nodoTarea.cpp */ = {isa = PBXFileReference; lastKnownFileType = sourcecode.cpp.cpp; path = nodoTarea.cpp; sourceTree = "<group>"; };
		AA86E51826CD69D70011438A /* nodoTarea.hpp */ = {isa = PBXFileReference; lastKnownFileType = sourcecode.cpp.h; path = nodoTarea.hpp; sourceTree = "<group>"; };
		AA86E51A26CD81100011438A /* listaTareas.cpp */ = {isa = PBXFileReference; lastKnownFileType = sourcecode.cpp.cpp; path = listaTareas.cpp; sourceTree = "<group>"; };
		AA86E51B26CD81100011438A /* listaTareas.hpp */ = {isa = PBXFileReference; lastKnownFileType = sourcecode.cpp.h; path = listaTareas.hpp; sourceTree = "<group>"; };
		AA86E51D26CF7BC30011438A /* nodoMatriz.cpp */ = {isa = PBXFileReference; lastKnownFileType = sourcecode.cpp.cpp; path = nodoMatriz.cpp; sourceTree = "<group>"; };
		AA86E51E26CF7BC30011438A /* nodoMatriz.hpp */ = {isa = PBXFileReference; lastKnownFileType = sourcecode.cpp.h; path = nodoMatriz.hpp; sourceTree = "<group>"; };
/* End PBXFileReference section */

/* Begin PBXFrameworksBuildPhase section */
		AA3F785326CB3714009DE61A /* Frameworks */ = {
			isa = PBXFrameworksBuildPhase;
			buildActionMask = 2147483647;
			files = (
			);
			runOnlyForDeploymentPostprocessing = 0;
		};
/* End PBXFrameworksBuildPhase section */

/* Begin PBXGroup section */
		AA3F784D26CB3714009DE61A = {
			isa = PBXGroup;
			children = (
				AA3F785826CB3714009DE61A /* Practica1PruebasXCODE */,
				AA3F785726CB3714009DE61A /* Products */,
			);
			sourceTree = "<group>";
		};
		AA3F785726CB3714009DE61A /* Products */ = {
			isa = PBXGroup;
			children = (
				AA3F785626CB3714009DE61A /* Practica1PruebasXCODE */,
			);
			name = Products;
			sourceTree = "<group>";
		};
		AA3F785826CB3714009DE61A /* Practica1PruebasXCODE */ = {
			isa = PBXGroup;
			children = (
				AA3F785926CB3714009DE61A /* main.cpp */,
				AA3F786426CB37BF009DE61A /* nodoEstudiante.cpp */,
				AA3F786526CB37BF009DE61A /* nodoEstudiante.hpp */,
				AA3F786726CB3847009DE61A /* listaEstudiantes.cpp */,
				AA3F786826CB3847009DE61A /* listaEstudiantes.hpp */,
				AA3F786A26CB769C009DE61A /* nodoError.cpp */,
				AA3F786B26CB769C009DE61A /* nodoError.hpp */,
				AA3F786D26CB8402009DE61A /* colaErrores.cpp */,
				AA3F786E26CB8402009DE61A /* colaErrores.hpp */,
				AA86E51726CD69D70011438A /* nodoTarea.cpp */,
				AA86E51826CD69D70011438A /* nodoTarea.hpp */,
				AA86E51A26CD81100011438A /* listaTareas.cpp */,
				AA86E51B26CD81100011438A /* listaTareas.hpp */,
				AA86E51D26CF7BC30011438A /* nodoMatriz.cpp */,
				AA86E51E26CF7BC30011438A /* nodoMatriz.hpp */,
			);
			path = Practica1PruebasXCODE;
			sourceTree = "<group>";
		};
/* End PBXGroup section */

/* Begin PBXNativeTarget section */
		AA3F785526CB3714009DE61A /* Practica1PruebasXCODE */ = {
			isa = PBXNativeTarget;
			buildConfigurationList = AA3F785D26CB3714009DE61A /* Build configuration list for PBXNativeTarget "Practica1PruebasXCODE" */;
			buildPhases = (
				AA3F785226CB3714009DE61A /* Sources */,
				AA3F785326CB3714009DE61A /* Frameworks */,
				AA3F785426CB3714009DE61A /* CopyFiles */,
			);
			buildRules = (
			);
			dependencies = (
			);
			name = Practica1PruebasXCODE;
			productName = Practica1PruebasXCODE;
			productReference = AA3F785626CB3714009DE61A /* Practica1PruebasXCODE */;
			productType = "com.apple.product-type.tool";
		};
/* End PBXNativeTarget section */

/* Begin PBXProject section */
		AA3F784E26CB3714009DE61A /* Project object */ = {
			isa = PBXProject;
			attributes = {
				LastUpgradeCheck = 1250;
				TargetAttributes = {
					AA3F785526CB3714009DE61A = {
						CreatedOnToolsVersion = 12.5.1;
					};
				};
			};
			buildConfigurationList = AA3F785126CB3714009DE61A /* Build configuration list for PBXProject "Practica1PruebasXCODE" */;
			compatibilityVersion = "Xcode 9.3";
			developmentRegion = en;
			hasScannedForEncodings = 0;
			knownRegions = (
				en,
				Base,
			);
			mainGroup = AA3F784D26CB3714009DE61A;
			productRefGroup = AA3F785726CB3714009DE61A /* Products */;
			projectDirPath = "";
			projectRoot = "";
			targets = (
				AA3F785526CB3714009DE61A /* Practica1PruebasXCODE */,
			);
		};
/* End PBXProject section */

/* Begin PBXSourcesBuildPhase section */
		AA3F785226CB3714009DE61A /* Sources */ = {
			isa = PBXSourcesBuildPhase;
			buildActionMask = 2147483647;
			files = (
				AA3F786C26CB769C009DE61A /* nodoError.cpp in Sources */,
				AA86E51926CD69D70011438A /* nodoTarea.cpp in Sources */,
				AA86E51C26CD81100011438A /* listaTareas.cpp in Sources */,
				AA3F785A26CB3714009DE61A /* main.cpp in Sources */,
				AA3F786F26CB8402009DE61A /* colaErrores.cpp in Sources */,
				AA3F786626CB37BF009DE61A /* nodoEstudiante.cpp in Sources */,
				AA86E51F26CF7BC30011438A /* nodoMatriz.cpp in Sources */,
				AA3F786926CB3847009DE61A /* listaEstudiantes.cpp in Sources */,
			);
			runOnlyForDeploymentPostprocessing = 0;
		};
/* End PBXSourcesBuildPhase section */

/* Begin XCBuildConfiguration section */
		AA3F785B26CB3714009DE61A /* Debug */ = {
			isa = XCBuildConfiguration;
			buildSettings = {
				ALWAYS_SEARCH_USER_PATHS = NO;
				CLANG_ANALYZER_NONNULL = YES;
				CLANG_ANALYZER_NUMBER_OBJECT_CONVERSION = YES_AGGRESSIVE;
				CLANG_CXX_LANGUAGE_STANDARD = "gnu++14";
				CLANG_CXX_LIBRARY = "libc++";
				CLANG_ENABLE_MODULES = YES;
				CLANG_ENABLE_OBJC_ARC = YES;
				CLANG_ENABLE_OBJC_WEAK = YES;
				CLANG_WARN_BLOCK_CAPTURE_AUTORELEASING = YES;
				CLANG_WARN_BOOL_CONVERSION = YES;
				CLANG_WARN_COMMA = YES;
				CLANG_WARN_CONSTANT_CONVERSION = YES;
				CLANG_WARN_DEPRECATED_OBJC_IMPLEMENTATIONS = YES;
				CLANG_WARN_DIRECT_OBJC_ISA_USAGE = YES_ERROR;
				CLANG_WARN_DOCUMENTATION_COMMENTS = YES;
				CLANG_WARN_EMPTY_BODY = YES;
				CLANG_WARN_ENUM_CONVERSION = YES;
				CLANG_WARN_INFINITE_RECURSION = YES;
				CLANG_WARN_INT_CONVERSION = YES;
				CLANG_WARN_NON_LITERAL_NULL_CONVERSION = YES;
				CLANG_WARN_OBJC_IMPLICIT_RETAIN_SELF = YES;
				CLANG_WARN_OBJC_LITERAL_CONVERSION = YES;
				CLANG_WARN_OBJC_ROOT_CLASS = YES_ERROR;
				CLANG_WARN_QUOTED_INCLUDE_IN_FRAMEWORK_HEADER = YES;
				CLANG_WARN_RANGE_LOOP_ANALYSIS = YES;
				CLANG_WARN_STRICT_PROTOTYPES = YES;
				CLANG_WARN_SUSPICIOUS_MOVE = YES;
				CLANG_WARN_UNGUARDED_AVAILABILITY = YES_AGGRESSIVE;
				CLANG_WARN_UNREACHABLE_CODE = YES;
				CLANG_WARN__DUPLICATE_METHOD_MATCH = YES;
				COPY_PHASE_STRIP = NO;
				DEBUG_INFORMATION_FORMAT = dwarf;
				ENABLE_STRICT_OBJC_MSGSEND = YES;
				ENABLE_TESTABILITY = YES;
				GCC_C_LANGUAGE_STANDARD = gnu11;
				GCC_DYNAMIC_NO_PIC = NO;
				GCC_NO_COMMON_BLOCKS = YES;
				GCC_OPTIMIZATION_LEVEL = 0;
				GCC_PREPROCESSOR_DEFINITIONS = (
					"DEBUG=1",
					"$(inherited)",
				);
				GCC_WARN_64_TO_32_BIT_CONVERSION = YES;
				GCC_WARN_ABOUT_RETURN_TYPE = YES_ERROR;
				GCC_WARN_UNDECLARED_SELECTOR = YES;
				GCC_WARN_UNINITIALIZED_AUTOS = YES_AGGRESSIVE;
				GCC_WARN_UNUSED_FUNCTION = YES;
				GCC_WARN_UNUSED_VARIABLE = YES;
				MACOSX_DEPLOYMENT_TARGET = 11.3;
				MTL_ENABLE_DEBUG_INFO = INCLUDE_SOURCE;
				MTL_FAST_MATH = YES;
				ONLY_ACTIVE_ARCH = YES;
				SDKROOT = macosx;
			};
			name = Debug;
		};
		AA3F785C26CB3714009DE61A /* Release */ = {
			isa = XCBuildConfiguration;
			buildSettings = {
				ALWAYS_SEARCH_USER_PATHS = NO;
				CLANG_ANALYZER_NONNULL = YES;
				CLANG_ANALYZER_NUMBER_OBJECT_CONVERSION = YES_AGGRESSIVE;
				CLANG_CXX_LANGUAGE_STANDARD = "gnu++14";
				CLANG_CXX_LIBRARY = "libc++";
				CLANG_ENABLE_MODULES = YES;
				CLANG_ENABLE_OBJC_ARC = YES;
				CLANG_ENABLE_OBJC_WEAK = YES;
				CLANG_WARN_BLOCK_CAPTURE_AUTORELEASING = YES;
				CLANG_WARN_BOOL_CONVERSION = YES;
				CLANG_WARN_COMMA = YES;
				CLANG_WARN_CONSTANT_CONVERSION = YES;
				CLANG_WARN_DEPRECATED_OBJC_IMPLEMENTATIONS = YES;
				CLANG_WARN_DIRECT_OBJC_ISA_USAGE = YES_ERROR;
				CLANG_WARN_DOCUMENTATION_COMMENTS = YES;
				CLANG_WARN_EMPTY_BODY = YES;
				CLANG_WARN_ENUM_CONVERSION = YES;
				CLANG_WARN_INFINITE_RECURSION = YES;
				CLANG_WARN_INT_CONVERSION = YES;
				CLANG_WARN_NON_LITERAL_NULL_CONVERSION = YES;
				CLANG_WARN_OBJC_IMPLICIT_RETAIN_SELF = YES;
				CLANG_WARN_OBJC_LITERAL_CONVERSION = YES;
				CLANG_WARN_OBJC_ROOT_CLASS = YES_ERROR;
				CLANG_WARN_QUOTED_INCLUDE_IN_FRAMEWORK_HEADER = YES;
				CLANG_WARN_RANGE_LOOP_ANALYSIS = YES;
				CLANG_WARN_STRICT_PROTOTYPES = YES;
				CLANG_WARN_SUSPICIOUS_MOVE = YES;
				CLANG_WARN_UNGUARDED_AVAILABILITY = YES_AGGRESSIVE;
				CLANG_WARN_UNREACHABLE_CODE = YES;
				CLANG_WARN__DUPLICATE_METHOD_MATCH = YES;
				COPY_PHASE_STRIP = NO;
				DEBUG_INFORMATION_FORMAT = "dwarf-with-dsym";
				ENABLE_NS_ASSERTIONS = NO;
				ENABLE_STRICT_OBJC_MSGSEND = YES;
				GCC_C_LANGUAGE_STANDARD = gnu11;
				GCC_NO_COMMON_BLOCKS = YES;
				GCC_WARN_64_TO_32_BIT_CONVERSION = YES;
				GCC_WARN_ABOUT_RETURN_TYPE = YES_ERROR;
				GCC_WARN_UNDECLARED_SELECTOR = YES;
				GCC_WARN_UNINITIALIZED_AUTOS = YES_AGGRESSIVE;
				GCC_WARN_UNUSED_FUNCTION = YES;
				GCC_WARN_UNUSED_VARIABLE = YES;
				MACOSX_DEPLOYMENT_TARGET = 11.3;
				MTL_ENABLE_DEBUG_INFO = NO;
				MTL_FAST_MATH = YES;
				SDKROOT = macosx;
			};
			name = Release;
		};
		AA3F785E26CB3714009DE61A /* Debug */ = {
			isa = XCBuildConfiguration;
			buildSettings = {
				CODE_SIGN_STYLE = Automatic;
				PRODUCT_NAME = "$(TARGET_NAME)";
			};
			name = Debug;
		};
		AA3F785F26CB3714009DE61A /* Release */ = {
			isa = XCBuildConfiguration;
			buildSettings = {
				CODE_SIGN_STYLE = Automatic;
				PRODUCT_NAME = "$(TARGET_NAME)";
			};
			name = Release;
		};
/* End XCBuildConfiguration section */

/* Begin XCConfigurationList section */
		AA3F785126CB3714009DE61A /* Build configuration list for PBXProject "Practica1PruebasXCODE" */ = {
			isa = XCConfigurationList;
			buildConfigurations = (
				AA3F785B26CB3714009DE61A /* Debug */,
				AA3F785C26CB3714009DE61A /* Release */,
			);
			defaultConfigurationIsVisible = 0;
			defaultConfigurationName = Release;
		};
		AA3F785D26CB3714009DE61A /* Build configuration list for PBXNativeTarget "Practica1PruebasXCODE" */ = {
			isa = XCConfigurationList;
			buildConfigurations = (
				AA3F785E26CB3714009DE61A /* Debug */,
				AA3F785F26CB3714009DE61A /* Release */,
			);
			defaultConfigurationIsVisible = 0;
			defaultConfigurationName = Release;
		};
/* End XCConfigurationList section */
	};
	rootObject = AA3F784E26CB3714009DE61A /* Project object */;
}
